
Microsoft Visual Studio Solution File, Format Version 12.00
# Visual Studio Express 2012 for Windows Desktop
Project("{8BC9CEB8-8B4A-11D0-8D11-00A0C91BC942}") = "Task1", "Task1\Task1.vcxproj", "{9F4B26FD-BB52-44F1-86DF-785F7255751B}"
EndProject
Project("{8BC9CEB8-8B4A-11D0-8D11-00A0C91BC942}") = "Task2", "Task2\Task2.vcxproj", "{0226072F-1242-495A-B94D-23BCFDABC0D1}"
EndProject
Project("{8BC9CEB8-8B4A-11D0-8D11-00A0C91BC942}") = "Task7", "Task7\Task7.vcxproj", "{27ACE4FB-4E70-49D4-9957-75B94B2C991C}"
EndProject
Project("{8BC9CEB8-8B4A-11D0-8D11-00A0C91BC942}") = "Task8", "Task8\Task8.vcxproj", "{B5AE363E-E4A7-4DB1-9809-6F3053CD3E99}"
EndProject
Project("{8BC9CEB8-8B4A-11D0-8D11-00A0C91BC942}") = "Task10", "Task10\Task10.vcxproj", "{4F29DF72-176C-41DC-8EEC-6C19DE960B98}"
EndProject
Global
	GlobalSection(SolutionConfigurationPlatforms) = preSolution
		Debug|Win32 = Debug|Win32
		Release|Win32 = Release|Win32
	EndGlobalSection
	GlobalSection(ProjectConfigurationPlatforms) = postSolution
		{9F4B26FD-BB52-44F1-86DF-785F7255751B}.Debug|Win32.ActiveCfg = Debug|Win32
		{9F4B26FD-BB52-44F1-86DF-785F7255751B}.Debug|Win32.Build.0 = Debug|Win32
		{9F4B26FD-BB52-44F1-86DF-785F7255751B}.Release|Win32.ActiveCfg = Release|Win32
		{9F4B26FD-BB52-44F1-86DF-785F7255751B}.Release|Win32.Build.0 = Release|Win32
		{0226072F-1242-495A-B94D-23BCFDABC0D1}.Debug|Win32.ActiveCfg = Debug|Win32
		{0226072F-1242-495A-B94D-23BCFDABC0D1}.Debug|Win32.Build.0 = Debug|Win32
		{0226072F-1242-495A-B94D-23BCFDABC0D1}.Release|Win32.ActiveCfg = Release|Win32
		{0226072F-1242-495A-B94D-23BCFDABC0D1}.Release|Win32.Build.0 = Release|Win32
		{27ACE4FB-4E70-49D4-9957-75B94B2C991C}.Debug|Win32.ActiveCfg = Debug|Win32
		{27ACE4FB-4E70-49D4-9957-75B94B2C991C}.Debug|Win32.Build.0 = Debug|Win32
		{27ACE4FB-4E70-49D4-9957-75B94B2C991C}.Release|Win32.ActiveCfg = Release|Win32
		{27ACE4FB-4E70-49D4-9957-75B94B2C991C}.Release|Win32.Build.0 = Release|Win32
		{B5AE363E-E4A7-4DB1-9809-6F3053CD3E99}.Debug|Win32.ActiveCfg = Debug|Win32
		{B5AE363E-E4A7-4DB1-9809-6F3053CD3E99}.Debug|Win32.Build.0 = Debug|Win32
		{B5AE363E-E4A7-4DB1-9809-6F3053CD3E99}.Release|Win32.ActiveCfg = Release|Win32
		{B5AE363E-E4A7-4DB1-9809-6F3053CD3E99}.Release|Win32.Build.0 = Release|Win32
		{4F29DF72-176C-41DC-8EEC-6C19DE960B98}.Debug|Win32.ActiveCfg = Debug|Win32
		{4F29DF72-176C-41DC-8EEC-6C19DE960B98}.Debug|Win32.Build.0 = Debug|Win32
		{4F29DF72-176C-41DC-8EEC-6C19DE960B98}.Release|Win32.ActiveCfg = Release|Win32
		{4F29DF72-176C-41DC-8EEC-6C19DE960B98}.Release|Win32.Build.0 = Release|Win32
	EndGlobalSection
	GlobalSection(SolutionProperties) = preSolution
		HideSolutionNode = FALSE
	EndGlobalSection
EndGlobal
