
Microsoft Visual Studio Solution File, Format Version 12.00
# Visual Studio Express 2012 for Windows Desktop
Project("{8BC9CEB8-8B4A-11D0-8D11-00A0C91BC942}") = "Task1", "Task1\Task1.vcxproj", "{96DAB2F8-9EB5-484F-9696-C3065AD8E773}"
EndProject
Project("{8BC9CEB8-8B4A-11D0-8D11-00A0C91BC942}") = "Task4", "Task4\Task4.vcxproj", "{47808ED0-C616-4D92-A3D9-45D3539F93CE}"
EndProject
Project("{8BC9CEB8-8B4A-11D0-8D11-00A0C91BC942}") = "Task5", "Task5\Task5.vcxproj", "{58FCA020-16C0-422F-A676-B1129A537F2E}"
EndProject
Project("{8BC9CEB8-8B4A-11D0-8D11-00A0C91BC942}") = "Task6", "Task6\Task6.vcxproj", "{28BD7C38-8A23-4109-A166-E3A4AB048072}"
EndProject
Global
	GlobalSection(SolutionConfigurationPlatforms) = preSolution
		Debug|Win32 = Debug|Win32
		Release|Win32 = Release|Win32
	EndGlobalSection
	GlobalSection(ProjectConfigurationPlatforms) = postSolution
		{96DAB2F8-9EB5-484F-9696-C3065AD8E773}.Debug|Win32.ActiveCfg = Debug|Win32
		{96DAB2F8-9EB5-484F-9696-C3065AD8E773}.Debug|Win32.Build.0 = Debug|Win32
		{96DAB2F8-9EB5-484F-9696-C3065AD8E773}.Release|Win32.ActiveCfg = Release|Win32
		{96DAB2F8-9EB5-484F-9696-C3065AD8E773}.Release|Win32.Build.0 = Release|Win32
		{47808ED0-C616-4D92-A3D9-45D3539F93CE}.Debug|Win32.ActiveCfg = Debug|Win32
		{47808ED0-C616-4D92-A3D9-45D3539F93CE}.Debug|Win32.Build.0 = Debug|Win32
		{47808ED0-C616-4D92-A3D9-45D3539F93CE}.Release|Win32.ActiveCfg = Release|Win32
		{47808ED0-C616-4D92-A3D9-45D3539F93CE}.Release|Win32.Build.0 = Release|Win32
		{58FCA020-16C0-422F-A676-B1129A537F2E}.Debug|Win32.ActiveCfg = Debug|Win32
		{58FCA020-16C0-422F-A676-B1129A537F2E}.Debug|Win32.Build.0 = Debug|Win32
		{58FCA020-16C0-422F-A676-B1129A537F2E}.Release|Win32.ActiveCfg = Release|Win32
		{58FCA020-16C0-422F-A676-B1129A537F2E}.Release|Win32.Build.0 = Release|Win32
		{28BD7C38-8A23-4109-A166-E3A4AB048072}.Debug|Win32.ActiveCfg = Debug|Win32
		{28BD7C38-8A23-4109-A166-E3A4AB048072}.Debug|Win32.Build.0 = Debug|Win32
		{28BD7C38-8A23-4109-A166-E3A4AB048072}.Release|Win32.ActiveCfg = Release|Win32
		{28BD7C38-8A23-4109-A166-E3A4AB048072}.Release|Win32.Build.0 = Release|Win32
	EndGlobalSection
	GlobalSection(SolutionProperties) = preSolution
		HideSolutionNode = FALSE
	EndGlobalSection
EndGlobal
