
Microsoft Visual Studio Solution File, Format Version 12.00
# Visual Studio Express 2012 for Windows Desktop
Project("{8BC9CEB8-8B4A-11D0-8D11-00A0C91BC942}") = "Task1", "Task1\Task1.vcxproj", "{DE133A78-FA6F-4D32-910D-55A46626A74C}"
EndProject
Project("{8BC9CEB8-8B4A-11D0-8D11-00A0C91BC942}") = "Task2", "Task2\Task2.vcxproj", "{E6AD4A87-5035-46AD-B22B-1BB0EA8D0F7E}"
EndProject
Project("{8BC9CEB8-8B4A-11D0-8D11-00A0C91BC942}") = "Task3", "Task3\Task3.vcxproj", "{C14BC8E2-8AC3-4380-907C-F0BB1EC5F5D3}"
EndProject
Project("{8BC9CEB8-8B4A-11D0-8D11-00A0C91BC942}") = "Task7", "Task7\Task7.vcxproj", "{71C85361-C595-40AE-8481-854120D07503}"
EndProject
Global
	GlobalSection(SolutionConfigurationPlatforms) = preSolution
		Debug|Win32 = Debug|Win32
		Release|Win32 = Release|Win32
	EndGlobalSection
	GlobalSection(ProjectConfigurationPlatforms) = postSolution
		{DE133A78-FA6F-4D32-910D-55A46626A74C}.Debug|Win32.ActiveCfg = Debug|Win32
		{DE133A78-FA6F-4D32-910D-55A46626A74C}.Debug|Win32.Build.0 = Debug|Win32
		{DE133A78-FA6F-4D32-910D-55A46626A74C}.Release|Win32.ActiveCfg = Release|Win32
		{DE133A78-FA6F-4D32-910D-55A46626A74C}.Release|Win32.Build.0 = Release|Win32
		{E6AD4A87-5035-46AD-B22B-1BB0EA8D0F7E}.Debug|Win32.ActiveCfg = Debug|Win32
		{E6AD4A87-5035-46AD-B22B-1BB0EA8D0F7E}.Debug|Win32.Build.0 = Debug|Win32
		{E6AD4A87-5035-46AD-B22B-1BB0EA8D0F7E}.Release|Win32.ActiveCfg = Release|Win32
		{E6AD4A87-5035-46AD-B22B-1BB0EA8D0F7E}.Release|Win32.Build.0 = Release|Win32
		{C14BC8E2-8AC3-4380-907C-F0BB1EC5F5D3}.Debug|Win32.ActiveCfg = Debug|Win32
		{C14BC8E2-8AC3-4380-907C-F0BB1EC5F5D3}.Debug|Win32.Build.0 = Debug|Win32
		{C14BC8E2-8AC3-4380-907C-F0BB1EC5F5D3}.Release|Win32.ActiveCfg = Release|Win32
		{C14BC8E2-8AC3-4380-907C-F0BB1EC5F5D3}.Release|Win32.Build.0 = Release|Win32
		{71C85361-C595-40AE-8481-854120D07503}.Debug|Win32.ActiveCfg = Debug|Win32
		{71C85361-C595-40AE-8481-854120D07503}.Debug|Win32.Build.0 = Debug|Win32
		{71C85361-C595-40AE-8481-854120D07503}.Release|Win32.ActiveCfg = Release|Win32
		{71C85361-C595-40AE-8481-854120D07503}.Release|Win32.Build.0 = Release|Win32
	EndGlobalSection
	GlobalSection(SolutionProperties) = preSolution
		HideSolutionNode = FALSE
	EndGlobalSection
EndGlobal
